// !$*UTF8*$!
{
	archiveVersion = 1;
	classes = {
	};
	objectVersion = 46;
	objects = {

/* Begin PBXBuildFile section */
		512BB8921E81816C0025894A /* KanjiNumerals.swift in Sources */ = {isa = PBXBuildFile; fileRef = 512BB8911E81816C0025894A /* KanjiNumerals.swift */; };
		5136A08F1E7599D900D4ED48 /* AppDelegate.swift in Sources */ = {isa = PBXBuildFile; fileRef = 5136A08E1E7599D900D4ED48 /* AppDelegate.swift */; };
		5136A0911E7599D900D4ED48 /* ViewController.swift in Sources */ = {isa = PBXBuildFile; fileRef = 5136A0901E7599D900D4ED48 /* ViewController.swift */; };
		5136A0941E7599D900D4ED48 /* Main.storyboard in Resources */ = {isa = PBXBuildFile; fileRef = 5136A0921E7599D900D4ED48 /* Main.storyboard */; };
		5136A0961E7599D900D4ED48 /* Assets.xcassets in Resources */ = {isa = PBXBuildFile; fileRef = 5136A0951E7599D900D4ED48 /* Assets.xcassets */; };
		5136A0991E7599D900D4ED48 /* LaunchScreen.storyboard in Resources */ = {isa = PBXBuildFile; fileRef = 5136A0971E7599D900D4ED48 /* LaunchScreen.storyboard */; };
		5136A0A11E759A2D00D4ED48 /* Tanzaku.swift in Sources */ = {isa = PBXBuildFile; fileRef = 5136A0A01E759A2D00D4ED48 /* Tanzaku.swift */; };
/* End PBXBuildFile section */

/* Begin PBXFileReference section */
		512BB8911E81816C0025894A /* KanjiNumerals.swift */ = {isa = PBXFileReference; fileEncoding = 4; lastKnownFileType = sourcecode.swift; path = KanjiNumerals.swift; sourceTree = "<group>"; };
		5136A08B1E7599D900D4ED48 /* Tanzaku.app */ = {isa = PBXFileReference; explicitFileType = wrapper.application; includeInIndex = 0; path = Tanzaku.app; sourceTree = BUILT_PRODUCTS_DIR; };
		5136A08E1E7599D900D4ED48 /* AppDelegate.swift */ = {isa = PBXFileReference; lastKnownFileType = sourcecode.swift; path = AppDelegate.swift; sourceTree = "<group>"; };
		5136A0901E7599D900D4ED48 /* ViewController.swift */ = {isa = PBXFileReference; lastKnownFileType = sourcecode.swift; path = ViewController.swift; sourceTree = "<group>"; };
		5136A0931E7599D900D4ED48 /* Base */ = {isa = PBXFileReference; lastKnownFileType = file.storyboard; name = Base; path = Base.lproj/Main.storyboard; sourceTree = "<group>"; };
		5136A0951E7599D900D4ED48 /* Assets.xcassets */ = {isa = PBXFileReference; lastKnownFileType = folder.assetcatalog; path = Assets.xcassets; sourceTree = "<group>"; };
		5136A0981E7599D900D4ED48 /* Base */ = {isa = PBXFileReference; lastKnownFileType = file.storyboard; name = Base; path = Base.lproj/LaunchScreen.storyboard; sourceTree = "<group>"; };
		5136A09A1E7599D900D4ED48 /* Info.plist */ = {isa = PBXFileReference; lastKnownFileType = text.plist.xml; path = Info.plist; sourceTree = "<group>"; };
		5136A0A01E759A2D00D4ED48 /* Tanzaku.swift */ = {isa = PBXFileReference; fileEncoding = 4; lastKnownFileType = sourcecode.swift; path = Tanzaku.swift; sourceTree = "<group>"; };
/* End PBXFileReference section */

/* Begin PBXFrameworksBuildPhase section */
		5136A0881E7599D900D4ED48 /* Frameworks */ = {
			isa = PBXFrameworksBuildPhase;
			buildActionMask = 2147483647;
			files = (
			);
			runOnlyForDeploymentPostprocessing = 0;
		};
/* End PBXFrameworksBuildPhase section */

/* Begin PBXGroup section */
		5136A0821E7599D800D4ED48 = {
			isa = PBXGroup;
			children = (
				5136A08D1E7599D900D4ED48 /* Tanzaku */,
				5136A08C1E7599D900D4ED48 /* Products */,
			);
			sourceTree = "<group>";
		};
		5136A08C1E7599D900D4ED48 /* Products */ = {
			isa = PBXGroup;
			children = (
				5136A08B1E7599D900D4ED48 /* Tanzaku.app */,
			);
			name = Products;
			sourceTree = "<group>";
		};
		5136A08D1E7599D900D4ED48 /* Tanzaku */ = {
			isa = PBXGroup;
			children = (
				5136A0A01E759A2D00D4ED48 /* Tanzaku.swift */,
				512BB8911E81816C0025894A /* KanjiNumerals.swift */,
				5136A08E1E7599D900D4ED48 /* AppDelegate.swift */,
				5136A0901E7599D900D4ED48 /* ViewController.swift */,
				5136A0921E7599D900D4ED48 /* Main.storyboard */,
				5136A0951E7599D900D4ED48 /* Assets.xcassets */,
				5136A0971E7599D900D4ED48 /* LaunchScreen.storyboard */,
				5136A09A1E7599D900D4ED48 /* Info.plist */,
			);
			path = Tanzaku;
			sourceTree = "<group>";
		};
/* End PBXGroup section */

/* Begin PBXNativeTarget section */
		5136A08A1E7599D900D4ED48 /* Tanzaku */ = {
			isa = PBXNativeTarget;
			buildConfigurationList = 5136A09D1E7599D900D4ED48 /* Build configuration list for PBXNativeTarget "Tanzaku" */;
			buildPhases = (
				5136A0871E7599D900D4ED48 /* Sources */,
				5136A0881E7599D900D4ED48 /* Frameworks */,
				5136A0891E7599D900D4ED48 /* Resources */,
			);
			buildRules = (
			);
			dependencies = (
			);
			name = Tanzaku;
			productName = Tanzaku;
			productReference = 5136A08B1E7599D900D4ED48 /* Tanzaku.app */;
			productType = "com.apple.product-type.application";
		};
/* End PBXNativeTarget section */

/* Begin PBXProject section */
		5136A0831E7599D900D4ED48 /* Project object */ = {
			isa = PBXProject;
			attributes = {
				LastSwiftUpdateCheck = 0820;
				LastUpgradeCheck = 0820;
				ORGANIZATIONNAME = usagimaru;
				TargetAttributes = {
					5136A08A1E7599D900D4ED48 = {
						CreatedOnToolsVersion = 8.2;
						DevelopmentTeam = R6RZ6S2FLK;
						ProvisioningStyle = Automatic;
					};
				};
			};
			buildConfigurationList = 5136A0861E7599D900D4ED48 /* Build configuration list for PBXProject "Tanzaku" */;
			compatibilityVersion = "Xcode 3.2";
			developmentRegion = English;
			hasScannedForEncodings = 0;
			knownRegions = (
				en,
				Base,
			);
			mainGroup = 5136A0821E7599D800D4ED48;
			productRefGroup = 5136A08C1E7599D900D4ED48 /* Products */;
			projectDirPath = "";
			projectRoot = "";
			targets = (
				5136A08A1E7599D900D4ED48 /* Tanzaku */,
			);
		};
/* End PBXProject section */

/* Begin PBXResourcesBuildPhase section */
		5136A0891E7599D900D4ED48 /* Resources */ = {
			isa = PBXResourcesBuildPhase;
			buildActionMask = 2147483647;
			files = (
				5136A0991E7599D900D4ED48 /* LaunchScreen.storyboard in Resources */,
				5136A0961E7599D900D4ED48 /* Assets.xcassets in Resources */,
				5136A0941E7599D900D4ED48 /* Main.storyboard in Resources */,
			);
			runOnlyForDeploymentPostprocessing = 0;
		};
/* End PBXResourcesBuildPhase section */

/* Begin PBXSourcesBuildPhase section */
		5136A0871E7599D900D4ED48 /* Sources */ = {
			isa = PBXSourcesBuildPhase;
			buildActionMask = 2147483647;
			files = (
				5136A0911E7599D900D4ED48 /* ViewController.swift in Sources */,
				5136A08F1E7599D900D4ED48 /* AppDelegate.swift in Sources */,
				5136A0A11E759A2D00D4ED48 /* Tanzaku.swift in Sources */,
				512BB8921E81816C0025894A /* KanjiNumerals.swift in Sources */,
			);
			runOnlyForDeploymentPostprocessing = 0;
		};
/* End PBXSourcesBuildPhase section */

/* Begin PBXVariantGroup section */
		5136A0921E7599D900D4ED48 /* Main.storyboard */ = {
			isa = PBXVariantGroup;
			children = (
				5136A0931E7599D900D4ED48 /* Base */,
			);
			name = Main.storyboard;
			sourceTree = "<group>";
		};
		5136A0971E7599D900D4ED48 /* LaunchScreen.storyboard */ = {
			isa = PBXVariantGroup;
			children = (
				5136A0981E7599D900D4ED48 /* Base */,
			);
			name = LaunchScreen.storyboard;
			sourceTree = "<group>";
		};
/* End PBXVariantGroup section */

/* Begin XCBuildConfiguration section */
		5136A09B1E7599D900D4ED48 /* Debug */ = {
			isa = XCBuildConfiguration;
			buildSettings = {
				ALWAYS_SEARCH_USER_PATHS = NO;
				CLANG_ANALYZER_NONNULL = YES;
				CLANG_CXX_LANGUAGE_STANDARD = "gnu++0x";
				CLANG_CXX_LIBRARY = "libc++";
				CLANG_ENABLE_MODULES = YES;
				CLANG_ENABLE_OBJC_ARC = YES;
				CLANG_WARN_BOOL_CONVERSION = YES;
				CLANG_WARN_CONSTANT_CONVERSION = YES;
				CLANG_WARN_DIRECT_OBJC_ISA_USAGE = YES_ERROR;
				CLANG_WARN_DOCUMENTATION_COMMENTS = YES;
				CLANG_WARN_EMPTY_BODY = YES;
				CLANG_WARN_ENUM_CONVERSION = YES;
				CLANG_WARN_INFINITE_RECURSION = YES;
				CLANG_WARN_INT_CONVERSION = YES;
				CLANG_WARN_OBJC_ROOT_CLASS = YES_ERROR;
				CLANG_WARN_SUSPICIOUS_MOVE = YES;
				CLANG_WARN_UNREACHABLE_CODE = YES;
				CLANG_WARN__DUPLICATE_METHOD_MATCH = YES;
				"CODE_SIGN_IDENTITY[sdk=iphoneos*]" = "iPhone Developer";
				COPY_PHASE_STRIP = NO;
				DEBUG_INFORMATION_FORMAT = dwarf;
				ENABLE_STRICT_OBJC_MSGSEND = YES;
				ENABLE_TESTABILITY = YES;
				GCC_C_LANGUAGE_STANDARD = gnu99;
				GCC_DYNAMIC_NO_PIC = NO;
				GCC_NO_COMMON_BLOCKS = YES;
				GCC_OPTIMIZATION_LEVEL = 0;
				GCC_PREPROCESSOR_DEFINITIONS = (
					"DEBUG=1",
					"$(inherited)",
				);
				GCC_WARN_64_TO_32_BIT_CONVERSION = YES;
				GCC_WARN_ABOUT_RETURN_TYPE = YES_ERROR;
				GCC_WARN_UNDECLARED_SELECTOR = YES;
				GCC_WARN_UNINITIALIZED_AUTOS = YES_AGGRESSIVE;
				GCC_WARN_UNUSED_FUNCTION = YES;
				GCC_WARN_UNUSED_VARIABLE = YES;
				IPHONEOS_DEPLOYMENT_TARGET = 10.2;
				MTL_ENABLE_DEBUG_INFO = YES;
				ONLY_ACTIVE_ARCH = YES;
				SDKROOT = iphoneos;
				SWIFT_ACTIVE_COMPILATION_CONDITIONS = DEBUG;
				SWIFT_OPTIMIZATION_LEVEL = "-Onone";
			};
			name = Debug;
		};
		5136A09C1E7599D900D4ED48 /* Release */ = {
			isa = XCBuildConfiguration;
			buildSettings = {
				ALWAYS_SEARCH_USER_PATHS = NO;
				CLANG_ANALYZER_NONNULL = YES;
				CLANG_CXX_LANGUAGE_STANDARD = "gnu++0x";
				CLANG_CXX_LIBRARY = "libc++";
				CLANG_ENABLE_MODULES = YES;
				CLANG_ENABLE_OBJC_ARC = YES;
				CLANG_WARN_BOOL_CONVERSION = YES;
				CLANG_WARN_CONSTANT_CONVERSION = YES;
				CLANG_WARN_DIRECT_OBJC_ISA_USAGE = YES_ERROR;
				CLANG_WARN_DOCUMENTATION_COMMENTS = YES;
				CLANG_WARN_EMPTY_BODY = YES;
				CLANG_WARN_ENUM_CONVERSION = YES;
				CLANG_WARN_INFINITE_RECURSION = YES;
				CLANG_WARN_INT_CONVERSION = YES;
				CLANG_WARN_OBJC_ROOT_CLASS = YES_ERROR;
				CLANG_WARN_SUSPICIOUS_MOVE = YES;
				CLANG_WARN_UNREACHABLE_CODE = YES;
				CLANG_WARN__DUPLICATE_METHOD_MATCH = YES;
				"CODE_SIGN_IDENTITY[sdk=iphoneos*]" = "iPhone Developer";
				COPY_PHASE_STRIP = NO;
				DEBUG_INFORMATION_FORMAT = "dwarf-with-dsym";
				ENABLE_NS_ASSERTIONS = NO;
				ENABLE_STRICT_OBJC_MSGSEND = YES;
				GCC_C_LANGUAGE_STANDARD = gnu99;
				GCC_NO_COMMON_BLOCKS = YES;
				GCC_WARN_64_TO_32_BIT_CONVERSION = YES;
				GCC_WARN_ABOUT_RETURN_TYPE = YES_ERROR;
				GCC_WARN_UNDECLARED_SELECTOR = YES;
				GCC_WARN_UNINITIALIZED_AUTOS = YES_AGGRESSIVE;
				GCC_WARN_UNUSED_FUNCTION = YES;
				GCC_WARN_UNUSED_VARIABLE = YES;
				IPHONEOS_DEPLOYMENT_TARGET = 10.2;
				MTL_ENABLE_DEBUG_INFO = NO;
				SDKROOT = iphoneos;
				SWIFT_OPTIMIZATION_LEVEL = "-Owholemodule";
				VALIDATE_PRODUCT = YES;
			};
			name = Release;
		};
		5136A09E1E7599D900D4ED48 /* Debug */ = {
			isa = XCBuildConfiguration;
			buildSettings = {
				ASSETCATALOG_COMPILER_APPICON_NAME = AppIcon;
				DEVELOPMENT_TEAM = R6RZ6S2FLK;
				INFOPLIST_FILE = Tanzaku/Info.plist;
				LD_RUNPATH_SEARCH_PATHS = "$(inherited) @executable_path/Frameworks";
				PRODUCT_BUNDLE_IDENTIFIER = jp.usagimaru.Tanzaku;
				PRODUCT_NAME = "$(TARGET_NAME)";
				SWIFT_ACTIVE_COMPILATION_CONDITIONS = "DEBUG DEBUG_LINES";
				SWIFT_VERSION = 3.0;
			};
			name = Debug;
		};
		5136A09F1E7599D900D4ED48 /* Release */ = {
			isa = XCBuildConfiguration;
			buildSettings = {
				ASSETCATALOG_COMPILER_APPICON_NAME = AppIcon;
				DEVELOPMENT_TEAM = R6RZ6S2FLK;
				INFOPLIST_FILE = Tanzaku/Info.plist;
				LD_RUNPATH_SEARCH_PATHS = "$(inherited) @executable_path/Frameworks";
				PRODUCT_BUNDLE_IDENTIFIER = jp.usagimaru.Tanzaku;
				PRODUCT_NAME = "$(TARGET_NAME)";
				SWIFT_VERSION = 3.0;
			};
			name = Release;
		};
/* End XCBuildConfiguration section */

/* Begin XCConfigurationList section */
		5136A0861E7599D900D4ED48 /* Build configuration list for PBXProject "Tanzaku" */ = {
			isa = XCConfigurationList;
			buildConfigurations = (
				5136A09B1E7599D900D4ED48 /* Debug */,
				5136A09C1E7599D900D4ED48 /* Release */,
			);
			defaultConfigurationIsVisible = 0;
			defaultConfigurationName = Release;
		};
		5136A09D1E7599D900D4ED48 /* Build configuration list for PBXNativeTarget "Tanzaku" */ = {
			isa = XCConfigurationList;
			buildConfigurations = (
				5136A09E1E7599D900D4ED48 /* Debug */,
				5136A09F1E7599D900D4ED48 /* Release */,
			);
			defaultConfigurationIsVisible = 0;
			defaultConfigurationName = Release;
		};
/* End XCConfigurationList section */
	};
	rootObject = 5136A0831E7599D900D4ED48 /* Project object */;
}
